
Microsoft Visual Studio Solution File, Format Version 12.00
# Visual Studio 2012
Project("{8BC9CEB8-8B4A-11D0-8D11-00A0C91BC942}") = "harj17", "harj17\harj17.vcxproj", "{52EFAA07-F4B8-4F63-9221-D299C79AE6CC}"
EndProject
Global
	GlobalSection(SolutionConfigurationPlatforms) = preSolution
		Debug|Win32 = Debug|Win32
		Release|Win32 = Release|Win32
	EndGlobalSection
	GlobalSection(ProjectConfigurationPlatforms) = postSolution
		{52EFAA07-F4B8-4F63-9221-D299C79AE6CC}.Debug|Win32.ActiveCfg = Debug|Win32
		{52EFAA07-F4B8-4F63-9221-D299C79AE6CC}.Debug|Win32.Build.0 = Debug|Win32
		{52EFAA07-F4B8-4F63-9221-D299C79AE6CC}.Release|Win32.ActiveCfg = Release|Win32
		{52EFAA07-F4B8-4F63-9221-D299C79AE6CC}.Release|Win32.Build.0 = Release|Win32
	EndGlobalSection
	GlobalSection(SolutionProperties) = preSolution
		HideSolutionNode = FALSE
	EndGlobalSection
EndGlobal
